# THIS IS AN AUTOGENERATED FILE. DO NOT EDIT THIS FILE DIRECTLY.
# yarn lockfile v1


"@tanstack/query-core@5.59.0":
  version "5.59.0"
  resolved "https://registry.yarnpkg.com/@tanstack/query-core/-/query-core-5.59.0.tgz#d8323f1c6eb0e573ab0aa85a7b7690d0c263818a"
  integrity sha512-WGD8uIhX6/deH/tkZqPNcRyAhDUqs729bWKoByYHSogcshXfFbppOdTER5+qY7mFvu8KEFJwT0nxr8RfPTVh0Q==

"@tanstack/react-query@^5.59.3":
  version "5.59.3"
  resolved "https://registry.yarnpkg.com/@tanstack/react-query/-/react-query-5.59.3.tgz#ba73fcc151a60f2ba6313576319f4b2a9583250f"
  integrity sha512-FbzaQ6mQGQstj0z6B91yoUPzoc3nnU2tLkYZvmFSKWN5qj9kPTPsAbGGmQXn2NDj0nWhhAl+wOWWwSvsRqSN7Q==
  dependencies:
    "@tanstack/query-core" "5.59.0"
